// !$*UTF8*$!
{
	archiveVersion = 1;
	classes = {
	};
	objectVersion = 55;
	objects = {

/* Begin PBXBuildFile section */
		C1088A0A28B2DD080016DC15 /* TopBooksTableViewCell.swift in Sources */ = {isa = PBXBuildFile; fileRef = C1088A0928B2DD080016DC15 /* TopBooksTableViewCell.swift */; };
		C1ABE7C928A94A8400395051 /* PlaylistVC.swift in Sources */ = {isa = PBXBuildFile; fileRef = C1ABE7C828A94A8400395051 /* PlaylistVC.swift */; };
		C1ABE7CB28A94F5A00395051 /* SongModel.swift in Sources */ = {isa = PBXBuildFile; fileRef = C1ABE7CA28A94F5A00395051 /* SongModel.swift */; };
		C1ABE7CD28A99AF600395051 /* SongItemTableViewCell.swift in Sources */ = {isa = PBXBuildFile; fileRef = C1ABE7CC28A99AF600395051 /* SongItemTableViewCell.swift */; };
		C1C6855928A8778200A31F3A /* AppDelegate.swift in Sources */ = {isa = PBXBuildFile; fileRef = C1C6855828A8778200A31F3A /* AppDelegate.swift */; };
		C1C6855B28A8778200A31F3A /* SceneDelegate.swift in Sources */ = {isa = PBXBuildFile; fileRef = C1C6855A28A8778200A31F3A /* SceneDelegate.swift */; };
		C1C6855D28A8778200A31F3A /* ViewController.swift in Sources */ = {isa = PBXBuildFile; fileRef = C1C6855C28A8778200A31F3A /* ViewController.swift */; };
		C1C6856028A8778200A31F3A /* Main.storyboard in Resources */ = {isa = PBXBuildFile; fileRef = C1C6855E28A8778200A31F3A /* Main.storyboard */; };
		C1C6856228A8778800A31F3A /* Assets.xcassets in Resources */ = {isa = PBXBuildFile; fileRef = C1C6856128A8778800A31F3A /* Assets.xcassets */; };
		C1C6856528A8778800A31F3A /* LaunchScreen.storyboard in Resources */ = {isa = PBXBuildFile; fileRef = C1C6856328A8778800A31F3A /* LaunchScreen.storyboard */; };
		C1D33B5E28AEAE3C0075A8EC /* LibraryVC.swift in Sources */ = {isa = PBXBuildFile; fileRef = C1D33B5D28AEAE3C0075A8EC /* LibraryVC.swift */; };
		C1D33B6028AEB31B0075A8EC /* NavigationControllerVC.swift in Sources */ = {isa = PBXBuildFile; fileRef = C1D33B5F28AEB31B0075A8EC /* NavigationControllerVC.swift */; };
		C1D33B6228AEBAB30075A8EC /* LibrarySongTableViewCell.swift in Sources */ = {isa = PBXBuildFile; fileRef = C1D33B6128AEBAB30075A8EC /* LibrarySongTableViewCell.swift */; };
		C1D33B6428AECB660075A8EC /* MyCollectionViewCell.swift in Sources */ = {isa = PBXBuildFile; fileRef = C1D33B6328AECB660075A8EC /* MyCollectionViewCell.swift */; };
		C1E21EB828B29E7700F5232E /* BookModel.swift in Sources */ = {isa = PBXBuildFile; fileRef = C1E21EB728B29E7700F5232E /* BookModel.swift */; };
		C1E7263328B2D5820037F7EF /* TopBooksVC.swift in Sources */ = {isa = PBXBuildFile; fileRef = C1E7263228B2D5820037F7EF /* TopBooksVC.swift */; };
/* End PBXBuildFile section */

/* Begin PBXFileReference section */
		C1088A0928B2DD080016DC15 /* TopBooksTableViewCell.swift */ = {isa = PBXFileReference; lastKnownFileType = sourcecode.swift; path = TopBooksTableViewCell.swift; sourceTree = "<group>"; };
		C1ABE7C828A94A8400395051 /* PlaylistVC.swift */ = {isa = PBXFileReference; lastKnownFileType = sourcecode.swift; path = PlaylistVC.swift; sourceTree = "<group>"; };
		C1ABE7CA28A94F5A00395051 /* SongModel.swift */ = {isa = PBXFileReference; lastKnownFileType = sourcecode.swift; path = SongModel.swift; sourceTree = "<group>"; };
		C1ABE7CC28A99AF600395051 /* SongItemTableViewCell.swift */ = {isa = PBXFileReference; lastKnownFileType = sourcecode.swift; path = SongItemTableViewCell.swift; sourceTree = "<group>"; };
		C1C6855528A8778200A31F3A /* PodCast.app */ = {isa = PBXFileReference; explicitFileType = wrapper.application; includeInIndex = 0; path = PodCast.app; sourceTree = BUILT_PRODUCTS_DIR; };
		C1C6855828A8778200A31F3A /* AppDelegate.swift */ = {isa = PBXFileReference; lastKnownFileType = sourcecode.swift; path = AppDelegate.swift; sourceTree = "<group>"; };
		C1C6855A28A8778200A31F3A /* SceneDelegate.swift */ = {isa = PBXFileReference; lastKnownFileType = sourcecode.swift; path = SceneDelegate.swift; sourceTree = "<group>"; };
		C1C6855C28A8778200A31F3A /* ViewController.swift */ = {isa = PBXFileReference; lastKnownFileType = sourcecode.swift; path = ViewController.swift; sourceTree = "<group>"; };
		C1C6855F28A8778200A31F3A /* Base */ = {isa = PBXFileReference; lastKnownFileType = file.storyboard; name = Base; path = Base.lproj/Main.storyboard; sourceTree = "<group>"; };
		C1C6856128A8778800A31F3A /* Assets.xcassets */ = {isa = PBXFileReference; lastKnownFileType = folder.assetcatalog; path = Assets.xcassets; sourceTree = "<group>"; };
		C1C6856428A8778800A31F3A /* Base */ = {isa = PBXFileReference; lastKnownFileType = file.storyboard; name = Base; path = Base.lproj/LaunchScreen.storyboard; sourceTree = "<group>"; };
		C1C6856628A8778800A31F3A /* Info.plist */ = {isa = PBXFileReference; lastKnownFileType = text.plist.xml; path = Info.plist; sourceTree = "<group>"; };
		C1D33B5D28AEAE3C0075A8EC /* LibraryVC.swift */ = {isa = PBXFileReference; lastKnownFileType = sourcecode.swift; path = LibraryVC.swift; sourceTree = "<group>"; };
		C1D33B5F28AEB31B0075A8EC /* NavigationControllerVC.swift */ = {isa = PBXFileReference; lastKnownFileType = sourcecode.swift; path = NavigationControllerVC.swift; sourceTree = "<group>"; };
		C1D33B6128AEBAB30075A8EC /* LibrarySongTableViewCell.swift */ = {isa = PBXFileReference; lastKnownFileType = sourcecode.swift; path = LibrarySongTableViewCell.swift; sourceTree = "<group>"; };
		C1D33B6328AECB660075A8EC /* MyCollectionViewCell.swift */ = {isa = PBXFileReference; lastKnownFileType = sourcecode.swift; path = MyCollectionViewCell.swift; sourceTree = "<group>"; };
		C1E21EB728B29E7700F5232E /* BookModel.swift */ = {isa = PBXFileReference; lastKnownFileType = sourcecode.swift; path = BookModel.swift; sourceTree = "<group>"; };
		C1E7263228B2D5820037F7EF /* TopBooksVC.swift */ = {isa = PBXFileReference; lastKnownFileType = sourcecode.swift; path = TopBooksVC.swift; sourceTree = "<group>"; };
/* End PBXFileReference section */

/* Begin PBXFrameworksBuildPhase section */
		C1C6855228A8778200A31F3A /* Frameworks */ = {
			isa = PBXFrameworksBuildPhase;
			buildActionMask = 2147483647;
			files = (
			);
			runOnlyForDeploymentPostprocessing = 0;
		};
/* End PBXFrameworksBuildPhase section */

/* Begin PBXGroup section */
		C1C6854C28A8778200A31F3A = {
			isa = PBXGroup;
			children = (
				C1C6855728A8778200A31F3A /* PodCast */,
				C1C6855628A8778200A31F3A /* Products */,
			);
			sourceTree = "<group>";
		};
		C1C6855628A8778200A31F3A /* Products */ = {
			isa = PBXGroup;
			children = (
				C1C6855528A8778200A31F3A /* PodCast.app */,
			);
			name = Products;
			sourceTree = "<group>";
		};
		C1C6855728A8778200A31F3A /* PodCast */ = {
			isa = PBXGroup;
			children = (
				C1E21EB628B29E0700F5232E /* models */,
				C1C6855828A8778200A31F3A /* AppDelegate.swift */,
				C1C6855A28A8778200A31F3A /* SceneDelegate.swift */,
				C1E7263428B2D5C90037F7EF /* controllers */,
				C1C6855E28A8778200A31F3A /* Main.storyboard */,
				C1088A0928B2DD080016DC15 /* TopBooksTableViewCell.swift */,
				C1C6856128A8778800A31F3A /* Assets.xcassets */,
				C1C6856328A8778800A31F3A /* LaunchScreen.storyboard */,
				C1C6856628A8778800A31F3A /* Info.plist */,
				C1D33B6128AEBAB30075A8EC /* LibrarySongTableViewCell.swift */,
				C1ABE7CC28A99AF600395051 /* SongItemTableViewCell.swift */,
				C1D33B5F28AEB31B0075A8EC /* NavigationControllerVC.swift */,
				C1D33B6328AECB660075A8EC /* MyCollectionViewCell.swift */,
			);
			path = PodCast;
			sourceTree = "<group>";
		};
		C1E21EB628B29E0700F5232E /* models */ = {
			isa = PBXGroup;
			children = (
				C1ABE7CA28A94F5A00395051 /* SongModel.swift */,
				C1E21EB728B29E7700F5232E /* BookModel.swift */,
			);
			path = models;
			sourceTree = "<group>";
		};
		C1E7263428B2D5C90037F7EF /* controllers */ = {
			isa = PBXGroup;
			children = (
				C1C6855C28A8778200A31F3A /* ViewController.swift */,
				C1ABE7C828A94A8400395051 /* PlaylistVC.swift */,
				C1D33B5D28AEAE3C0075A8EC /* LibraryVC.swift */,
				C1E7263228B2D5820037F7EF /* TopBooksVC.swift */,
			);
			path = controllers;
			sourceTree = "<group>";
		};
/* End PBXGroup section */

/* Begin PBXNativeTarget section */
		C1C6855428A8778200A31F3A /* PodCast */ = {
			isa = PBXNativeTarget;
			buildConfigurationList = C1C6856928A8778800A31F3A /* Build configuration list for PBXNativeTarget "PodCast" */;
			buildPhases = (
				C1C6855128A8778200A31F3A /* Sources */,
				C1C6855228A8778200A31F3A /* Frameworks */,
				C1C6855328A8778200A31F3A /* Resources */,
			);
			buildRules = (
			);
			dependencies = (
			);
			name = PodCast;
			productName = PodCast;
			productReference = C1C6855528A8778200A31F3A /* PodCast.app */;
			productType = "com.apple.product-type.application";
		};
/* End PBXNativeTarget section */

/* Begin PBXProject section */
		C1C6854D28A8778200A31F3A /* Project object */ = {
			isa = PBXProject;
			attributes = {
				BuildIndependentTargetsInParallel = 1;
				LastSwiftUpdateCheck = 1340;
				LastUpgradeCheck = 1340;
				TargetAttributes = {
					C1C6855428A8778200A31F3A = {
						CreatedOnToolsVersion = 13.4.1;
					};
				};
			};
			buildConfigurationList = C1C6855028A8778200A31F3A /* Build configuration list for PBXProject "PodCast" */;
			compatibilityVersion = "Xcode 13.0";
			developmentRegion = en;
			hasScannedForEncodings = 0;
			knownRegions = (
				en,
				Base,
			);
			mainGroup = C1C6854C28A8778200A31F3A;
			productRefGroup = C1C6855628A8778200A31F3A /* Products */;
			projectDirPath = "";
			projectRoot = "";
			targets = (
				C1C6855428A8778200A31F3A /* PodCast */,
			);
		};
/* End PBXProject section */

/* Begin PBXResourcesBuildPhase section */
		C1C6855328A8778200A31F3A /* Resources */ = {
			isa = PBXResourcesBuildPhase;
			buildActionMask = 2147483647;
			files = (
				C1C6856528A8778800A31F3A /* LaunchScreen.storyboard in Resources */,
				C1C6856228A8778800A31F3A /* Assets.xcassets in Resources */,
				C1C6856028A8778200A31F3A /* Main.storyboard in Resources */,
			);
			runOnlyForDeploymentPostprocessing = 0;
		};
/* End PBXResourcesBuildPhase section */

/* Begin PBXSourcesBuildPhase section */
		C1C6855128A8778200A31F3A /* Sources */ = {
			isa = PBXSourcesBuildPhase;
			buildActionMask = 2147483647;
			files = (
				C1D33B6428AECB660075A8EC /* MyCollectionViewCell.swift in Sources */,
				C1C6855D28A8778200A31F3A /* ViewController.swift in Sources */,
				C1E7263328B2D5820037F7EF /* TopBooksVC.swift in Sources */,
				C1088A0A28B2DD080016DC15 /* TopBooksTableViewCell.swift in Sources */,
				C1ABE7CD28A99AF600395051 /* SongItemTableViewCell.swift in Sources */,
				C1ABE7CB28A94F5A00395051 /* SongModel.swift in Sources */,
				C1E21EB828B29E7700F5232E /* BookModel.swift in Sources */,
				C1D33B5E28AEAE3C0075A8EC /* LibraryVC.swift in Sources */,
				C1D33B6228AEBAB30075A8EC /* LibrarySongTableViewCell.swift in Sources */,
				C1D33B6028AEB31B0075A8EC /* NavigationControllerVC.swift in Sources */,
				C1C6855928A8778200A31F3A /* AppDelegate.swift in Sources */,
				C1ABE7C928A94A8400395051 /* PlaylistVC.swift in Sources */,
				C1C6855B28A8778200A31F3A /* SceneDelegate.swift in Sources */,
			);
			runOnlyForDeploymentPostprocessing = 0;
		};
/* End PBXSourcesBuildPhase section */

/* Begin PBXVariantGroup section */
		C1C6855E28A8778200A31F3A /* Main.storyboard */ = {
			isa = PBXVariantGroup;
			children = (
				C1C6855F28A8778200A31F3A /* Base */,
			);
			name = Main.storyboard;
			sourceTree = "<group>";
		};
		C1C6856328A8778800A31F3A /* LaunchScreen.storyboard */ = {
			isa = PBXVariantGroup;
			children = (
				C1C6856428A8778800A31F3A /* Base */,
			);
			name = LaunchScreen.storyboard;
			sourceTree = "<group>";
		};
/* End PBXVariantGroup section */

/* Begin XCBuildConfiguration section */
		C1C6856728A8778800A31F3A /* Debug */ = {
			isa = XCBuildConfiguration;
			buildSettings = {
				ALWAYS_SEARCH_USER_PATHS = NO;
				CLANG_ANALYZER_NONNULL = YES;
				CLANG_ANALYZER_NUMBER_OBJECT_CONVERSION = YES_AGGRESSIVE;
				CLANG_CXX_LANGUAGE_STANDARD = "gnu++17";
				CLANG_ENABLE_MODULES = YES;
				CLANG_ENABLE_OBJC_ARC = YES;
				CLANG_ENABLE_OBJC_WEAK = YES;
				CLANG_WARN_BLOCK_CAPTURE_AUTORELEASING = YES;
				CLANG_WARN_BOOL_CONVERSION = YES;
				CLANG_WARN_COMMA = YES;
				CLANG_WARN_CONSTANT_CONVERSION = YES;
				CLANG_WARN_DEPRECATED_OBJC_IMPLEMENTATIONS = YES;
				CLANG_WARN_DIRECT_OBJC_ISA_USAGE = YES_ERROR;
				CLANG_WARN_DOCUMENTATION_COMMENTS = YES;
				CLANG_WARN_EMPTY_BODY = YES;
				CLANG_WARN_ENUM_CONVERSION = YES;
				CLANG_WARN_INFINITE_RECURSION = YES;
				CLANG_WARN_INT_CONVERSION = YES;
				CLANG_WARN_NON_LITERAL_NULL_CONVERSION = YES;
				CLANG_WARN_OBJC_IMPLICIT_RETAIN_SELF = YES;
				CLANG_WARN_OBJC_LITERAL_CONVERSION = YES;
				CLANG_WARN_OBJC_ROOT_CLASS = YES_ERROR;
				CLANG_WARN_QUOTED_INCLUDE_IN_FRAMEWORK_HEADER = YES;
				CLANG_WARN_RANGE_LOOP_ANALYSIS = YES;
				CLANG_WARN_STRICT_PROTOTYPES = YES;
				CLANG_WARN_SUSPICIOUS_MOVE = YES;
				CLANG_WARN_UNGUARDED_AVAILABILITY = YES_AGGRESSIVE;
				CLANG_WARN_UNREACHABLE_CODE = YES;
				CLANG_WARN__DUPLICATE_METHOD_MATCH = YES;
				COPY_PHASE_STRIP = NO;
				DEBUG_INFORMATION_FORMAT = dwarf;
				ENABLE_STRICT_OBJC_MSGSEND = YES;
				ENABLE_TESTABILITY = YES;
				GCC_C_LANGUAGE_STANDARD = gnu11;
				GCC_DYNAMIC_NO_PIC = NO;
				GCC_NO_COMMON_BLOCKS = YES;
				GCC_OPTIMIZATION_LEVEL = 0;
				GCC_PREPROCESSOR_DEFINITIONS = (
					"DEBUG=1",
					"$(inherited)",
				);
				GCC_WARN_64_TO_32_BIT_CONVERSION = YES;
				GCC_WARN_ABOUT_RETURN_TYPE = YES_ERROR;
				GCC_WARN_UNDECLARED_SELECTOR = YES;
				GCC_WARN_UNINITIALIZED_AUTOS = YES_AGGRESSIVE;
				GCC_WARN_UNUSED_FUNCTION = YES;
				GCC_WARN_UNUSED_VARIABLE = YES;
				IPHONEOS_DEPLOYMENT_TARGET = 15.5;
				MTL_ENABLE_DEBUG_INFO = INCLUDE_SOURCE;
				MTL_FAST_MATH = YES;
				ONLY_ACTIVE_ARCH = YES;
				SDKROOT = iphoneos;
				SWIFT_ACTIVE_COMPILATION_CONDITIONS = DEBUG;
				SWIFT_OPTIMIZATION_LEVEL = "-Onone";
			};
			name = Debug;
		};
		C1C6856828A8778800A31F3A /* Release */ = {
			isa = XCBuildConfiguration;
			buildSettings = {
				ALWAYS_SEARCH_USER_PATHS = NO;
				CLANG_ANALYZER_NONNULL = YES;
				CLANG_ANALYZER_NUMBER_OBJECT_CONVERSION = YES_AGGRESSIVE;
				CLANG_CXX_LANGUAGE_STANDARD = "gnu++17";
				CLANG_ENABLE_MODULES = YES;
				CLANG_ENABLE_OBJC_ARC = YES;
				CLANG_ENABLE_OBJC_WEAK = YES;
				CLANG_WARN_BLOCK_CAPTURE_AUTORELEASING = YES;
				CLANG_WARN_BOOL_CONVERSION = YES;
				CLANG_WARN_COMMA = YES;
				CLANG_WARN_CONSTANT_CONVERSION = YES;
				CLANG_WARN_DEPRECATED_OBJC_IMPLEMENTATIONS = YES;
				CLANG_WARN_DIRECT_OBJC_ISA_USAGE = YES_ERROR;
				CLANG_WARN_DOCUMENTATION_COMMENTS = YES;
				CLANG_WARN_EMPTY_BODY = YES;
				CLANG_WARN_ENUM_CONVERSION = YES;
				CLANG_WARN_INFINITE_RECURSION = YES;
				CLANG_WARN_INT_CONVERSION = YES;
				CLANG_WARN_NON_LITERAL_NULL_CONVERSION = YES;
				CLANG_WARN_OBJC_IMPLICIT_RETAIN_SELF = YES;
				CLANG_WARN_OBJC_LITERAL_CONVERSION = YES;
				CLANG_WARN_OBJC_ROOT_CLASS = YES_ERROR;
				CLANG_WARN_QUOTED_INCLUDE_IN_FRAMEWORK_HEADER = YES;
				CLANG_WARN_RANGE_LOOP_ANALYSIS = YES;
				CLANG_WARN_STRICT_PROTOTYPES = YES;
				CLANG_WARN_SUSPICIOUS_MOVE = YES;
				CLANG_WARN_UNGUARDED_AVAILABILITY = YES_AGGRESSIVE;
				CLANG_WARN_UNREACHABLE_CODE = YES;
				CLANG_WARN__DUPLICATE_METHOD_MATCH = YES;
				COPY_PHASE_STRIP = NO;
				DEBUG_INFORMATION_FORMAT = "dwarf-with-dsym";
				ENABLE_NS_ASSERTIONS = NO;
				ENABLE_STRICT_OBJC_MSGSEND = YES;
				GCC_C_LANGUAGE_STANDARD = gnu11;
				GCC_NO_COMMON_BLOCKS = YES;
				GCC_WARN_64_TO_32_BIT_CONVERSION = YES;
				GCC_WARN_ABOUT_RETURN_TYPE = YES_ERROR;
				GCC_WARN_UNDECLARED_SELECTOR = YES;
				GCC_WARN_UNINITIALIZED_AUTOS = YES_AGGRESSIVE;
				GCC_WARN_UNUSED_FUNCTION = YES;
				GCC_WARN_UNUSED_VARIABLE = YES;
				IPHONEOS_DEPLOYMENT_TARGET = 15.5;
				MTL_ENABLE_DEBUG_INFO = NO;
				MTL_FAST_MATH = YES;
				SDKROOT = iphoneos;
				SWIFT_COMPILATION_MODE = wholemodule;
				SWIFT_OPTIMIZATION_LEVEL = "-O";
				VALIDATE_PRODUCT = YES;
			};
			name = Release;
		};
		C1C6856A28A8778800A31F3A /* Debug */ = {
			isa = XCBuildConfiguration;
			buildSettings = {
				ASSETCATALOG_COMPILER_APPICON_NAME = AppIcon;
				ASSETCATALOG_COMPILER_GLOBAL_ACCENT_COLOR_NAME = AccentColor;
				CODE_SIGN_STYLE = Automatic;
				CURRENT_PROJECT_VERSION = 1;
				DEVELOPMENT_TEAM = 6U4PKGQA9L;
				GENERATE_INFOPLIST_FILE = YES;
				INFOPLIST_FILE = PodCast/Info.plist;
				INFOPLIST_KEY_UIApplicationSupportsIndirectInputEvents = YES;
				INFOPLIST_KEY_UILaunchStoryboardName = LaunchScreen;
				INFOPLIST_KEY_UIMainStoryboardFile = Main;
				INFOPLIST_KEY_UISupportedInterfaceOrientations_iPad = "UIInterfaceOrientationPortrait UIInterfaceOrientationPortraitUpsideDown UIInterfaceOrientationLandscapeLeft UIInterfaceOrientationLandscapeRight";
				INFOPLIST_KEY_UISupportedInterfaceOrientations_iPhone = "UIInterfaceOrientationPortrait UIInterfaceOrientationLandscapeLeft UIInterfaceOrientationLandscapeRight";
				LD_RUNPATH_SEARCH_PATHS = (
					"$(inherited)",
					"@executable_path/Frameworks",
				);
				MARKETING_VERSION = 1.0;
				PRODUCT_BUNDLE_IDENTIFIER = com.mohabbatta.PodCast;
				PRODUCT_NAME = "$(TARGET_NAME)";
				SWIFT_EMIT_LOC_STRINGS = YES;
				SWIFT_VERSION = 5.0;
				TARGETED_DEVICE_FAMILY = "1,2";
			};
			name = Debug;
		};
		C1C6856B28A8778800A31F3A /* Release */ = {
			isa = XCBuildConfiguration;
			buildSettings = {
				ASSETCATALOG_COMPILER_APPICON_NAME = AppIcon;
				ASSETCATALOG_COMPILER_GLOBAL_ACCENT_COLOR_NAME = AccentColor;
				CODE_SIGN_STYLE = Automatic;
				CURRENT_PROJECT_VERSION = 1;
				DEVELOPMENT_TEAM = 6U4PKGQA9L;
				GENERATE_INFOPLIST_FILE = YES;
				INFOPLIST_FILE = PodCast/Info.plist;
				INFOPLIST_KEY_UIApplicationSupportsIndirectInputEvents = YES;
				INFOPLIST_KEY_UILaunchStoryboardName = LaunchScreen;
				INFOPLIST_KEY_UIMainStoryboardFile = Main;
				INFOPLIST_KEY_UISupportedInterfaceOrientations_iPad = "UIInterfaceOrientationPortrait UIInterfaceOrientationPortraitUpsideDown UIInterfaceOrientationLandscapeLeft UIInterfaceOrientationLandscapeRight";
				INFOPLIST_KEY_UISupportedInterfaceOrientations_iPhone = "UIInterfaceOrientationPortrait UIInterfaceOrientationLandscapeLeft UIInterfaceOrientationLandscapeRight";
				LD_RUNPATH_SEARCH_PATHS = (
					"$(inherited)",
					"@executable_path/Frameworks",
				);
				MARKETING_VERSION = 1.0;
				PRODUCT_BUNDLE_IDENTIFIER = com.mohabbatta.PodCast;
				PRODUCT_NAME = "$(TARGET_NAME)";
				SWIFT_EMIT_LOC_STRINGS = YES;
				SWIFT_VERSION = 5.0;
				TARGETED_DEVICE_FAMILY = "1,2";
			};
			name = Release;
		};
/* End XCBuildConfiguration section */

/* Begin XCConfigurationList section */
		C1C6855028A8778200A31F3A /* Build configuration list for PBXProject "PodCast" */ = {
			isa = XCConfigurationList;
			buildConfigurations = (
				C1C6856728A8778800A31F3A /* Debug */,
				C1C6856828A8778800A31F3A /* Release */,
			);
			defaultConfigurationIsVisible = 0;
			defaultConfigurationName = Release;
		};
		C1C6856928A8778800A31F3A /* Build configuration list for PBXNativeTarget "PodCast" */ = {
			isa = XCConfigurationList;
			buildConfigurations = (
				C1C6856A28A8778800A31F3A /* Debug */,
				C1C6856B28A8778800A31F3A /* Release */,
			);
			defaultConfigurationIsVisible = 0;
			defaultConfigurationName = Release;
		};
/* End XCConfigurationList section */
	};
	rootObject = C1C6854D28A8778200A31F3A /* Project object */;
}
